
Microsoft Visual Studio Solution File, Format Version 12.00
# Visual Studio 15
Project("{FAE04EC0-301F-11D3-BF4B-00C04F79EFBC}") = "service_A", "service_A\service_A.csproj", "{22A09CC0-7227-4E67-827C-50C32BE18D19}"
EndProject
Project("{FAE04EC0-301F-11D3-BF4B-00C04F79EFBC}") = "service_B", "service_B\service_B.csproj", "{9E8A8F67-8124-439A-A8FF-EE1EA9288605}"
EndProject
Global
	GlobalSection(SolutionConfigurationPlatforms) = preSolution
		Debug|Any CPU = Debug|Any CPU
		Release|Any CPU = Release|Any CPU
	EndGlobalSection
	GlobalSection(ProjectConfigurationPlatforms) = postSolution
		{22A09CC0-7227-4E67-827C-50C32BE18D19}.Debug|Any CPU.ActiveCfg = Debug|Any CPU
		{22A09CC0-7227-4E67-827C-50C32BE18D19}.Debug|Any CPU.Build.0 = Debug|Any CPU
		{22A09CC0-7227-4E67-827C-50C32BE18D19}.Release|Any CPU.ActiveCfg = Release|Any CPU
		{22A09CC0-7227-4E67-827C-50C32BE18D19}.Release|Any CPU.Build.0 = Release|Any CPU
		{9E8A8F67-8124-439A-A8FF-EE1EA9288605}.Debug|Any CPU.ActiveCfg = Debug|Any CPU
		{9E8A8F67-8124-439A-A8FF-EE1EA9288605}.Debug|Any CPU.Build.0 = Debug|Any CPU
		{9E8A8F67-8124-439A-A8FF-EE1EA9288605}.Release|Any CPU.ActiveCfg = Release|Any CPU
		{9E8A8F67-8124-439A-A8FF-EE1EA9288605}.Release|Any CPU.Build.0 = Release|Any CPU
	EndGlobalSection
EndGlobal
